schema: '2.0'
stages:
  clean:
    cmd: uv run python src/data/clean.py --raw data/raw/diabetic_data.csv --out 
      data/processed/diabetes_clean.parquet
    deps:
    - path: data/raw/diabetic_data.csv
      hash: md5
      md5: 502f0cc004e4cf71536ec2e61596e42f
      size: 19159383
    - path: reports/validation/raw_status.json
      hash: md5
      md5: a478fa6ceb41db23612f423f31bf6a34
      size: 105
    - path: src/data/clean.py
      hash: md5
      md5: 88b2a7a7010a78106a30658e193ab8b9
      size: 9186
    outs:
    - path: data/processed/diabetes_clean.parquet
      hash: md5
      md5: 449e08e1c3be28cd3da1c134e689a831
      size: 2003720
  featurize:
    cmd: uv run python src/features/build_features.py --in 
      data/processed/diabetes_clean.parquet --out 
      data/featurized/diabetes_features.parquet
    deps:
    - path: data/processed/diabetes_clean.parquet
      hash: md5
      md5: 449e08e1c3be28cd3da1c134e689a831
      size: 2003720
    - path: src/features/build_features.py
      hash: md5
      md5: 27126cb4a7bec5fee679afe2e37ab3ae
      size: 13704
    outs:
    - path: data/featurized/diabetes_features.parquet
      hash: md5
      md5: 132afdcbc049063c3a327b3ee62c7dcc
      size: 1993528
  validate_raw:
    cmd: uv run python src/data/validate.py --suite raw --status 
      reports/validation/raw_status.json
    deps:
    - path: data/raw/diabetic_data.csv
      hash: md5
      md5: 502f0cc004e4cf71536ec2e61596e42f
      size: 19159383
    - path: src/contracts/data_contract.py
      hash: md5
      md5: 9b2e50cc7373a1baafe85ccf99f2ec02
      size: 8332
    - path: src/data/validate.py
      hash: md5
      md5: 495728db4accd90fa7cae8c0228ad574
      size: 8796
    outs:
    - path: reports/validation/raw_status.json
      hash: md5
      md5: a478fa6ceb41db23612f423f31bf6a34
      size: 105
  validate_processed:
    cmd: uv run python src/data/validate.py --suite processed --status 
      reports/validation/processed_status.json
    deps:
    - path: data/featurized/diabetes_features.parquet
      hash: md5
      md5: 132afdcbc049063c3a327b3ee62c7dcc
      size: 1993528
    - path: src/contracts/data_contract.py
      hash: md5
      md5: 9b2e50cc7373a1baafe85ccf99f2ec02
      size: 8332
    - path: src/data/validate.py
      hash: md5
      md5: 495728db4accd90fa7cae8c0228ad574
      size: 8796
    outs:
    - path: reports/validation/processed_status.json
      hash: md5
      md5: 3e3fffb345cbaacf5e2683926d71a00e
      size: 111
