schema: '2.0'
stages:
  clean:
    cmd: uv run python src/data/clean.py --raw data/raw/diabetic_data.csv --out 
      data/prepared/diabetes_clean.parquet
    deps:
    - path: data/raw/diabetic_data.csv
      hash: md5
      md5: 502f0cc004e4cf71536ec2e61596e42f
      size: 19159383
    - path: src/data/clean.py
      hash: md5
      md5: 957a57258be4ba14cde238566c57b677
      size: 8835
    outs:
    - path: data/prepared/diabetes_clean.parquet
      hash: md5
      md5: 449e08e1c3be28cd3da1c134e689a831
      size: 2003720
  featurize:
    cmd: uv run python src/features/build_features.py --in 
      data/prepared/diabetes_clean.parquet --out 
      data/featurized/diabetes_features.parquet
    deps:
    - path: data/prepared/diabetes_clean.parquet
      hash: md5
      md5: 449e08e1c3be28cd3da1c134e689a831
      size: 2003720
    - path: src/features/build_features.py
      hash: md5
      md5: 17f8320b5bd0055b38e9e02135ba5528
      size: 13116
    outs:
    - path: data/featurized/diabetes_features.parquet
      hash: md5
      md5: 132afdcbc049063c3a327b3ee62c7dcc
      size: 1993528
